// !$*UTF8*$!
{
	archiveVersion = 1;
	classes = {
	};
	objectVersion = 48;
	objects = {

/* Begin PBXBuildFile section */
		3071E3651EF573FD005C333B /* AppDelegate.swift in Sources */ = {isa = PBXBuildFile; fileRef = 3071E3641EF573FD005C333B /* AppDelegate.swift */; };
		3071E3671EF573FD005C333B /* ViewController.swift in Sources */ = {isa = PBXBuildFile; fileRef = 3071E3661EF573FD005C333B /* ViewController.swift */; };
		3071E36A1EF573FD005C333B /* Main.storyboard in Resources */ = {isa = PBXBuildFile; fileRef = 3071E3681EF573FD005C333B /* Main.storyboard */; };
		3071E36C1EF573FD005C333B /* Assets.xcassets in Resources */ = {isa = PBXBuildFile; fileRef = 3071E36B1EF573FD005C333B /* Assets.xcassets */; };
		3071E36F1EF573FD005C333B /* LaunchScreen.storyboard in Resources */ = {isa = PBXBuildFile; fileRef = 3071E36D1EF573FD005C333B /* LaunchScreen.storyboard */; };
/* End PBXBuildFile section */

/* Begin PBXFileReference section */
		3071E3611EF573FD005C333B /* BetterCellExpandingTransition.app */ = {isa = PBXFileReference; explicitFileType = wrapper.application; includeInIndex = 0; path = BetterCellExpandingTransition.app; sourceTree = BUILT_PRODUCTS_DIR; };
		3071E3641EF573FD005C333B /* AppDelegate.swift */ = {isa = PBXFileReference; lastKnownFileType = sourcecode.swift; path = AppDelegate.swift; sourceTree = "<group>"; };
		3071E3661EF573FD005C333B /* ViewController.swift */ = {isa = PBXFileReference; lastKnownFileType = sourcecode.swift; path = ViewController.swift; sourceTree = "<group>"; };
		3071E3691EF573FD005C333B /* Base */ = {isa = PBXFileReference; lastKnownFileType = file.storyboard; name = Base; path = Base.lproj/Main.storyboard; sourceTree = "<group>"; };
		3071E36B1EF573FD005C333B /* Assets.xcassets */ = {isa = PBXFileReference; lastKnownFileType = folder.assetcatalog; path = Assets.xcassets; sourceTree = "<group>"; };
		3071E36E1EF573FD005C333B /* Base */ = {isa = PBXFileReference; lastKnownFileType = file.storyboard; name = Base; path = Base.lproj/LaunchScreen.storyboard; sourceTree = "<group>"; };
		3071E3701EF573FD005C333B /* Info.plist */ = {isa = PBXFileReference; lastKnownFileType = text.plist.xml; path = Info.plist; sourceTree = "<group>"; };
/* End PBXFileReference section */

/* Begin PBXFrameworksBuildPhase section */
		3071E35E1EF573FD005C333B /* Frameworks */ = {
			isa = PBXFrameworksBuildPhase;
			buildActionMask = 2147483647;
			files = (
			);
			runOnlyForDeploymentPostprocessing = 0;
		};
/* End PBXFrameworksBuildPhase section */

/* Begin PBXGroup section */
		3071E3581EF573FD005C333B = {
			isa = PBXGroup;
			children = (
				3071E3631EF573FD005C333B /* BetterCellExpandingTransition */,
				3071E3621EF573FD005C333B /* Products */,
			);
			sourceTree = "<group>";
		};
		3071E3621EF573FD005C333B /* Products */ = {
			isa = PBXGroup;
			children = (
				3071E3611EF573FD005C333B /* BetterCellExpandingTransition.app */,
			);
			name = Products;
			sourceTree = "<group>";
		};
		3071E3631EF573FD005C333B /* BetterCellExpandingTransition */ = {
			isa = PBXGroup;
			children = (
				3071E3641EF573FD005C333B /* AppDelegate.swift */,
				3071E3661EF573FD005C333B /* ViewController.swift */,
				3071E3681EF573FD005C333B /* Main.storyboard */,
				3071E36B1EF573FD005C333B /* Assets.xcassets */,
				3071E36D1EF573FD005C333B /* LaunchScreen.storyboard */,
				3071E3701EF573FD005C333B /* Info.plist */,
			);
			path = BetterCellExpandingTransition;
			sourceTree = "<group>";
		};
/* End PBXGroup section */

/* Begin PBXNativeTarget section */
		3071E3601EF573FD005C333B /* BetterCellExpandingTransition */ = {
			isa = PBXNativeTarget;
			buildConfigurationList = 3071E3731EF573FD005C333B /* Build configuration list for PBXNativeTarget "BetterCellExpandingTransition" */;
			buildPhases = (
				3071E35D1EF573FD005C333B /* Sources */,
				3071E35E1EF573FD005C333B /* Frameworks */,
				3071E35F1EF573FD005C333B /* Resources */,
			);
			buildRules = (
			);
			dependencies = (
			);
			name = BetterCellExpandingTransition;
			productName = BetterCellExpandingTransition;
			productReference = 3071E3611EF573FD005C333B /* BetterCellExpandingTransition.app */;
			productType = "com.apple.product-type.application";
		};
/* End PBXNativeTarget section */

/* Begin PBXProject section */
		3071E3591EF573FD005C333B /* Project object */ = {
			isa = PBXProject;
			attributes = {
				LastSwiftUpdateCheck = 0900;
				LastUpgradeCheck = 0900;
				ORGANIZATIONNAME = HarryCodes;
				TargetAttributes = {
					3071E3601EF573FD005C333B = {
						CreatedOnToolsVersion = 9.0;
					};
				};
			};
			buildConfigurationList = 3071E35C1EF573FD005C333B /* Build configuration list for PBXProject "BetterCellExpandingTransition" */;
			compatibilityVersion = "Xcode 8.0";
			developmentRegion = en;
			hasScannedForEncodings = 0;
			knownRegions = (
				en,
				Base,
			);
			mainGroup = 3071E3581EF573FD005C333B;
			productRefGroup = 3071E3621EF573FD005C333B /* Products */;
			projectDirPath = "";
			projectRoot = "";
			targets = (
				3071E3601EF573FD005C333B /* BetterCellExpandingTransition */,
			);
		};
/* End PBXProject section */

/* Begin PBXResourcesBuildPhase section */
		3071E35F1EF573FD005C333B /* Resources */ = {
			isa = PBXResourcesBuildPhase;
			buildActionMask = 2147483647;
			files = (
				3071E36F1EF573FD005C333B /* LaunchScreen.storyboard in Resources */,
				3071E36C1EF573FD005C333B /* Assets.xcassets in Resources */,
				3071E36A1EF573FD005C333B /* Main.storyboard in Resources */,
			);
			runOnlyForDeploymentPostprocessing = 0;
		};
/* End PBXResourcesBuildPhase section */

/* Begin PBXSourcesBuildPhase section */
		3071E35D1EF573FD005C333B /* Sources */ = {
			isa = PBXSourcesBuildPhase;
			buildActionMask = 2147483647;
			files = (
				3071E3671EF573FD005C333B /* ViewController.swift in Sources */,
				3071E3651EF573FD005C333B /* AppDelegate.swift in Sources */,
			);
			runOnlyForDeploymentPostprocessing = 0;
		};
/* End PBXSourcesBuildPhase section */

/* Begin PBXVariantGroup section */
		3071E3681EF573FD005C333B /* Main.storyboard */ = {
			isa = PBXVariantGroup;
			children = (
				3071E3691EF573FD005C333B /* Base */,
			);
			name = Main.storyboard;
			sourceTree = "<group>";
		};
		3071E36D1EF573FD005C333B /* LaunchScreen.storyboard */ = {
			isa = PBXVariantGroup;
			children = (
				3071E36E1EF573FD005C333B /* Base */,
			);
			name = LaunchScreen.storyboard;
			sourceTree = "<group>";
		};
/* End PBXVariantGroup section */

/* Begin XCBuildConfiguration section */
		3071E3711EF573FD005C333B /* Debug */ = {
			isa = XCBuildConfiguration;
			buildSettings = {
				ALWAYS_SEARCH_USER_PATHS = NO;
				CLANG_ANALYZER_NONNULL = YES;
				CLANG_ANALYZER_NUMBER_OBJECT_CONVERSION = YES_AGGRESSIVE;
				CLANG_CXX_LANGUAGE_STANDARD = "gnu++14";
				CLANG_CXX_LIBRARY = "libc++";
				CLANG_ENABLE_MODULES = YES;
				CLANG_ENABLE_OBJC_ARC = YES;
				CLANG_WARN_BLOCK_CAPTURE_AUTORELEASING = YES;
				CLANG_WARN_BOOL_CONVERSION = YES;
				CLANG_WARN_COMMA = YES;
				CLANG_WARN_CONSTANT_CONVERSION = YES;
				CLANG_WARN_DIRECT_OBJC_ISA_USAGE = YES_ERROR;
				CLANG_WARN_DOCUMENTATION_COMMENTS = YES;
				CLANG_WARN_EMPTY_BODY = YES;
				CLANG_WARN_ENUM_CONVERSION = YES;
				CLANG_WARN_INFINITE_RECURSION = YES;
				CLANG_WARN_INT_CONVERSION = YES;
				CLANG_WARN_OBJC_ROOT_CLASS = YES_ERROR;
				CLANG_WARN_RANGE_LOOP_ANALYSIS = YES;
				CLANG_WARN_STRICT_PROTOTYPES = YES;
				CLANG_WARN_SUSPICIOUS_MOVE = YES;
				CLANG_WARN_UNGUARDED_AVAILABILITY = YES_AGGRESSIVE;
				CLANG_WARN_UNREACHABLE_CODE = YES;
				CLANG_WARN__DUPLICATE_METHOD_MATCH = YES;
				CODE_SIGN_IDENTITY = "iPhone Developer";
				COPY_PHASE_STRIP = NO;
				DEBUG_INFORMATION_FORMAT = dwarf;
				ENABLE_STRICT_OBJC_MSGSEND = YES;
				ENABLE_TESTABILITY = YES;
				GCC_C_LANGUAGE_STANDARD = gnu11;
				GCC_DYNAMIC_NO_PIC = NO;
				GCC_NO_COMMON_BLOCKS = YES;
				GCC_OPTIMIZATION_LEVEL = 0;
				GCC_PREPROCESSOR_DEFINITIONS = (
					"DEBUG=1",
					"$(inherited)",
				);
				GCC_WARN_64_TO_32_BIT_CONVERSION = YES;
				GCC_WARN_ABOUT_RETURN_TYPE = YES_ERROR;
				GCC_WARN_UNDECLARED_SELECTOR = YES;
				GCC_WARN_UNINITIALIZED_AUTOS = YES_AGGRESSIVE;
				GCC_WARN_UNUSED_FUNCTION = YES;
				GCC_WARN_UNUSED_VARIABLE = YES;
				IPHONEOS_DEPLOYMENT_TARGET = 11.0;
				MTL_ENABLE_DEBUG_INFO = YES;
				ONLY_ACTIVE_ARCH = YES;
				SDKROOT = iphoneos;
				SWIFT_ACTIVE_COMPILATION_CONDITIONS = DEBUG;
				SWIFT_OPTIMIZATION_LEVEL = "-Onone";
			};
			name = Debug;
		};
		3071E3721EF573FD005C333B /* Release */ = {
			isa = XCBuildConfiguration;
			buildSettings = {
				ALWAYS_SEARCH_USER_PATHS = NO;
				CLANG_ANALYZER_NONNULL = YES;
				CLANG_ANALYZER_NUMBER_OBJECT_CONVERSION = YES_AGGRESSIVE;
				CLANG_CXX_LANGUAGE_STANDARD = "gnu++14";
				CLANG_CXX_LIBRARY = "libc++";
				CLANG_ENABLE_MODULES = YES;
				CLANG_ENABLE_OBJC_ARC = YES;
				CLANG_WARN_BLOCK_CAPTURE_AUTORELEASING = YES;
				CLANG_WARN_BOOL_CONVERSION = YES;
				CLANG_WARN_COMMA = YES;
				CLANG_WARN_CONSTANT_CONVERSION = YES;
				CLANG_WARN_DIRECT_OBJC_ISA_USAGE = YES_ERROR;
				CLANG_WARN_DOCUMENTATION_COMMENTS = YES;
				CLANG_WARN_EMPTY_BODY = YES;
				CLANG_WARN_ENUM_CONVERSION = YES;
				CLANG_WARN_INFINITE_RECURSION = YES;
				CLANG_WARN_INT_CONVERSION = YES;
				CLANG_WARN_OBJC_ROOT_CLASS = YES_ERROR;
				CLANG_WARN_RANGE_LOOP_ANALYSIS = YES;
				CLANG_WARN_STRICT_PROTOTYPES = YES;
				CLANG_WARN_SUSPICIOUS_MOVE = YES;
				CLANG_WARN_UNGUARDED_AVAILABILITY = YES_AGGRESSIVE;
				CLANG_WARN_UNREACHABLE_CODE = YES;
				CLANG_WARN__DUPLICATE_METHOD_MATCH = YES;
				CODE_SIGN_IDENTITY = "iPhone Developer";
				COPY_PHASE_STRIP = NO;
				DEBUG_INFORMATION_FORMAT = "dwarf-with-dsym";
				ENABLE_NS_ASSERTIONS = NO;
				ENABLE_STRICT_OBJC_MSGSEND = YES;
				GCC_C_LANGUAGE_STANDARD = gnu11;
				GCC_NO_COMMON_BLOCKS = YES;
				GCC_WARN_64_TO_32_BIT_CONVERSION = YES;
				GCC_WARN_ABOUT_RETURN_TYPE = YES_ERROR;
				GCC_WARN_UNDECLARED_SELECTOR = YES;
				GCC_WARN_UNINITIALIZED_AUTOS = YES_AGGRESSIVE;
				GCC_WARN_UNUSED_FUNCTION = YES;
				GCC_WARN_UNUSED_VARIABLE = YES;
				IPHONEOS_DEPLOYMENT_TARGET = 11.0;
				MTL_ENABLE_DEBUG_INFO = NO;
				SDKROOT = iphoneos;
				SWIFT_OPTIMIZATION_LEVEL = "-Owholemodule";
				VALIDATE_PRODUCT = YES;
			};
			name = Release;
		};
		3071E3741EF573FD005C333B /* Debug */ = {
			isa = XCBuildConfiguration;
			buildSettings = {
				ASSETCATALOG_COMPILER_APPICON_NAME = AppIcon;
				DEVELOPMENT_TEAM = 78DY2XFN75;
				INFOPLIST_FILE = BetterCellExpandingTransition/Info.plist;
				LD_RUNPATH_SEARCH_PATHS = "$(inherited) @executable_path/Frameworks";
				PRODUCT_BUNDLE_IDENTIFIER = HarryCodes.BetterCellExpandingTransition;
				PRODUCT_NAME = "$(TARGET_NAME)";
				SWIFT_VERSION = 4.0;
				TARGETED_DEVICE_FAMILY = "1,2";
			};
			name = Debug;
		};
		3071E3751EF573FD005C333B /* Release */ = {
			isa = XCBuildConfiguration;
			buildSettings = {
				ASSETCATALOG_COMPILER_APPICON_NAME = AppIcon;
				DEVELOPMENT_TEAM = 78DY2XFN75;
				INFOPLIST_FILE = BetterCellExpandingTransition/Info.plist;
				LD_RUNPATH_SEARCH_PATHS = "$(inherited) @executable_path/Frameworks";
				PRODUCT_BUNDLE_IDENTIFIER = HarryCodes.BetterCellExpandingTransition;
				PRODUCT_NAME = "$(TARGET_NAME)";
				SWIFT_VERSION = 4.0;
				TARGETED_DEVICE_FAMILY = "1,2";
			};
			name = Release;
		};
/* End XCBuildConfiguration section */

/* Begin XCConfigurationList section */
		3071E35C1EF573FD005C333B /* Build configuration list for PBXProject "BetterCellExpandingTransition" */ = {
			isa = XCConfigurationList;
			buildConfigurations = (
				3071E3711EF573FD005C333B /* Debug */,
				3071E3721EF573FD005C333B /* Release */,
			);
			defaultConfigurationIsVisible = 0;
			defaultConfigurationName = Release;
		};
		3071E3731EF573FD005C333B /* Build configuration list for PBXNativeTarget "BetterCellExpandingTransition" */ = {
			isa = XCConfigurationList;
			buildConfigurations = (
				3071E3741EF573FD005C333B /* Debug */,
				3071E3751EF573FD005C333B /* Release */,
			);
			defaultConfigurationIsVisible = 0;
		};
/* End XCConfigurationList section */
	};
	rootObject = 3071E3591EF573FD005C333B /* Project object */;
}
